
Microsoft Visual Studio Solution File, Format Version 12.00
# Visual Studio Version 17
VisualStudioVersion = 17.4.33122.133
MinimumVisualStudioVersion = 10.0.40219.1
Project("{9A19103F-16F7-4668-BE54-9A1E7A4F7556}") = "Raspored", "Raspored\Raspored.csproj", "{7ADBBBFA-A9B7-4921-AF6F-4AC4C007563D}"
EndProject
Project("{FAE04EC0-301F-11D3-BF4B-00C04F79EFBC}") = "RasporedTest", "RasporedTest\RasporedTest.csproj", "{74EB6B87-8A7B-4E88-BE3E-12236F9E20A2}"
EndProject
Global
	GlobalSection(SolutionConfigurationPlatforms) = preSolution
		Debug|Any CPU = Debug|Any CPU
		Release|Any CPU = Release|Any CPU
	EndGlobalSection
	GlobalSection(ProjectConfigurationPlatforms) = postSolution
		{7ADBBBFA-A9B7-4921-AF6F-4AC4C007563D}.Debug|Any CPU.ActiveCfg = Debug|Any CPU
		{7ADBBBFA-A9B7-4921-AF6F-4AC4C007563D}.Debug|Any CPU.Build.0 = Debug|Any CPU
		{7ADBBBFA-A9B7-4921-AF6F-4AC4C007563D}.Release|Any CPU.ActiveCfg = Release|Any CPU
		{7ADBBBFA-A9B7-4921-AF6F-4AC4C007563D}.Release|Any CPU.Build.0 = Release|Any CPU
		{74EB6B87-8A7B-4E88-BE3E-12236F9E20A2}.Debug|Any CPU.ActiveCfg = Debug|Any CPU
		{74EB6B87-8A7B-4E88-BE3E-12236F9E20A2}.Debug|Any CPU.Build.0 = Debug|Any CPU
		{74EB6B87-8A7B-4E88-BE3E-12236F9E20A2}.Release|Any CPU.ActiveCfg = Release|Any CPU
		{74EB6B87-8A7B-4E88-BE3E-12236F9E20A2}.Release|Any CPU.Build.0 = Release|Any CPU
	EndGlobalSection
	GlobalSection(SolutionProperties) = preSolution
		HideSolutionNode = FALSE
	EndGlobalSection
	GlobalSection(ExtensibilityGlobals) = postSolution
		SolutionGuid = {2FE16EB8-D12F-4CF4-BFE3-14D97392BB21}
	EndGlobalSection
EndGlobal
